
Microsoft Visual Studio Solution File, Format Version 12.00
# Visual Studio Version 17
VisualStudioVersion = 17.11.35327.3
MinimumVisualStudioVersion = 10.0.40219.1
Project("{FAE04EC0-301F-11D3-BF4B-00C04F79EFBC}") = "Lista_01", "Lista_01\Lista_01.csproj", "{C2D2F878-8BB3-428C-BA32-DDA62CEC8EF7}"
EndProject
Project("{FAE04EC0-301F-11D3-BF4B-00C04F79EFBC}") = "Lista_02", "Lista_02\Lista_02.csproj", "{746DD289-1104-43FD-BD36-59D3F93E7BDE}"
EndProject
Project("{FAE04EC0-301F-11D3-BF4B-00C04F79EFBC}") = "Lista_03", "Lista_03\Lista_03.csproj", "{48A3B777-1EC2-4848-93B8-6B5BFD9CFFEF}"
EndProject
Project("{FAE04EC0-301F-11D3-BF4B-00C04F79EFBC}") = "Lista_04", "Lista_04\Lista_04.csproj", "{333A5536-E35D-4DA6-8B54-8391D95E4F0B}"
EndProject
Project("{FAE04EC0-301F-11D3-BF4B-00C04F79EFBC}") = "Lista_05", "Lista_05\Lista_05.csproj", "{33398D5E-077F-405E-8C13-A5A277A54998}"
EndProject
Project("{FAE04EC0-301F-11D3-BF4B-00C04F79EFBC}") = "Lista_06", "Lista_06\Lista_06.csproj", "{987EC65E-4A4A-4211-8DF2-DC580F73A541}"
EndProject
Project("{FAE04EC0-301F-11D3-BF4B-00C04F79EFBC}") = "Lista_07", "Lista_07\Lista_07.csproj", "{FC85D825-910B-42BD-8181-948650FEDB72}"
EndProject
Project("{FAE04EC0-301F-11D3-BF4B-00C04F79EFBC}") = "Lista_08", "Lista_08\Lista_08.csproj", "{7AFCA617-67FB-49D7-B154-207FB9058F6F}"
EndProject
Project("{FAE04EC0-301F-11D3-BF4B-00C04F79EFBC}") = "Lista_09", "Lista_09\Lista_09.csproj", "{E47B3398-44A1-48CC-BD40-936CB81F1D67}"
EndProject
Project("{FAE04EC0-301F-11D3-BF4B-00C04F79EFBC}") = "Lista_10", "Lista_10\Lista_10.csproj", "{884AF6C2-ABA0-4AE3-B86F-58554C803B29}"
EndProject
Global
	GlobalSection(SolutionConfigurationPlatforms) = preSolution
		Debug|Any CPU = Debug|Any CPU
		Release|Any CPU = Release|Any CPU
	EndGlobalSection
	GlobalSection(ProjectConfigurationPlatforms) = postSolution
		{C2D2F878-8BB3-428C-BA32-DDA62CEC8EF7}.Debug|Any CPU.ActiveCfg = Debug|Any CPU
		{C2D2F878-8BB3-428C-BA32-DDA62CEC8EF7}.Debug|Any CPU.Build.0 = Debug|Any CPU
		{C2D2F878-8BB3-428C-BA32-DDA62CEC8EF7}.Release|Any CPU.ActiveCfg = Release|Any CPU
		{C2D2F878-8BB3-428C-BA32-DDA62CEC8EF7}.Release|Any CPU.Build.0 = Release|Any CPU
		{746DD289-1104-43FD-BD36-59D3F93E7BDE}.Debug|Any CPU.ActiveCfg = Debug|Any CPU
		{746DD289-1104-43FD-BD36-59D3F93E7BDE}.Debug|Any CPU.Build.0 = Debug|Any CPU
		{746DD289-1104-43FD-BD36-59D3F93E7BDE}.Release|Any CPU.ActiveCfg = Release|Any CPU
		{746DD289-1104-43FD-BD36-59D3F93E7BDE}.Release|Any CPU.Build.0 = Release|Any CPU
		{48A3B777-1EC2-4848-93B8-6B5BFD9CFFEF}.Debug|Any CPU.ActiveCfg = Debug|Any CPU
		{48A3B777-1EC2-4848-93B8-6B5BFD9CFFEF}.Debug|Any CPU.Build.0 = Debug|Any CPU
		{48A3B777-1EC2-4848-93B8-6B5BFD9CFFEF}.Release|Any CPU.ActiveCfg = Release|Any CPU
		{48A3B777-1EC2-4848-93B8-6B5BFD9CFFEF}.Release|Any CPU.Build.0 = Release|Any CPU
		{333A5536-E35D-4DA6-8B54-8391D95E4F0B}.Debug|Any CPU.ActiveCfg = Debug|Any CPU
		{333A5536-E35D-4DA6-8B54-8391D95E4F0B}.Debug|Any CPU.Build.0 = Debug|Any CPU
		{333A5536-E35D-4DA6-8B54-8391D95E4F0B}.Release|Any CPU.ActiveCfg = Release|Any CPU
		{333A5536-E35D-4DA6-8B54-8391D95E4F0B}.Release|Any CPU.Build.0 = Release|Any CPU
		{33398D5E-077F-405E-8C13-A5A277A54998}.Debug|Any CPU.ActiveCfg = Debug|Any CPU
		{33398D5E-077F-405E-8C13-A5A277A54998}.Debug|Any CPU.Build.0 = Debug|Any CPU
		{33398D5E-077F-405E-8C13-A5A277A54998}.Release|Any CPU.ActiveCfg = Release|Any CPU
		{33398D5E-077F-405E-8C13-A5A277A54998}.Release|Any CPU.Build.0 = Release|Any CPU
		{987EC65E-4A4A-4211-8DF2-DC580F73A541}.Debug|Any CPU.ActiveCfg = Debug|Any CPU
		{987EC65E-4A4A-4211-8DF2-DC580F73A541}.Debug|Any CPU.Build.0 = Debug|Any CPU
		{987EC65E-4A4A-4211-8DF2-DC580F73A541}.Release|Any CPU.ActiveCfg = Release|Any CPU
		{987EC65E-4A4A-4211-8DF2-DC580F73A541}.Release|Any CPU.Build.0 = Release|Any CPU
		{FC85D825-910B-42BD-8181-948650FEDB72}.Debug|Any CPU.ActiveCfg = Debug|Any CPU
		{FC85D825-910B-42BD-8181-948650FEDB72}.Debug|Any CPU.Build.0 = Debug|Any CPU
		{FC85D825-910B-42BD-8181-948650FEDB72}.Release|Any CPU.ActiveCfg = Release|Any CPU
		{FC85D825-910B-42BD-8181-948650FEDB72}.Release|Any CPU.Build.0 = Release|Any CPU
		{7AFCA617-67FB-49D7-B154-207FB9058F6F}.Debug|Any CPU.ActiveCfg = Debug|Any CPU
		{7AFCA617-67FB-49D7-B154-207FB9058F6F}.Debug|Any CPU.Build.0 = Debug|Any CPU
		{7AFCA617-67FB-49D7-B154-207FB9058F6F}.Release|Any CPU.ActiveCfg = Release|Any CPU
		{7AFCA617-67FB-49D7-B154-207FB9058F6F}.Release|Any CPU.Build.0 = Release|Any CPU
		{E47B3398-44A1-48CC-BD40-936CB81F1D67}.Debug|Any CPU.ActiveCfg = Debug|Any CPU
		{E47B3398-44A1-48CC-BD40-936CB81F1D67}.Debug|Any CPU.Build.0 = Debug|Any CPU
		{E47B3398-44A1-48CC-BD40-936CB81F1D67}.Release|Any CPU.ActiveCfg = Release|Any CPU
		{E47B3398-44A1-48CC-BD40-936CB81F1D67}.Release|Any CPU.Build.0 = Release|Any CPU
		{884AF6C2-ABA0-4AE3-B86F-58554C803B29}.Debug|Any CPU.ActiveCfg = Debug|Any CPU
		{884AF6C2-ABA0-4AE3-B86F-58554C803B29}.Debug|Any CPU.Build.0 = Debug|Any CPU
		{884AF6C2-ABA0-4AE3-B86F-58554C803B29}.Release|Any CPU.ActiveCfg = Release|Any CPU
		{884AF6C2-ABA0-4AE3-B86F-58554C803B29}.Release|Any CPU.Build.0 = Release|Any CPU
	EndGlobalSection
	GlobalSection(SolutionProperties) = preSolution
		HideSolutionNode = FALSE
	EndGlobalSection
	GlobalSection(ExtensibilityGlobals) = postSolution
		SolutionGuid = {5E71B7B6-33A6-4E1D-89E2-F2B5FD2830BF}
	EndGlobalSection
EndGlobal
